// !$*UTF8*$!
{
	archiveVersion = 1;
	classes = {
	};
	objectVersion = 50;
	objects = {

/* Begin PBXBuildFile section */
		4015BDF6213EE6190087C32C /* main.cpp in Sources */ = {isa = PBXBuildFile; fileRef = 4015BDF5213EE6190087C32C /* main.cpp */; };
		4015BDFC213EE6EB0087C32C /* USDExporter.cpp in Sources */ = {isa = PBXBuildFile; fileRef = 4052B65A212F6F76002B6746 /* USDExporter.cpp */; };
		4015BDFD213EE6EE0087C32C /* USDSketchUpUtilities.cpp in Sources */ = {isa = PBXBuildFile; fileRef = 4052B668212F6F9D002B6746 /* USDSketchUpUtilities.cpp */; };
		4015BDFE213EE6F20087C32C /* USDTextureHelper.cpp in Sources */ = {isa = PBXBuildFile; fileRef = 4052B667212F6F9D002B6746 /* USDTextureHelper.cpp */; };
		4015BDFF213EE7230087C32C /* libusd_ms.dylib in Frameworks */ = {isa = PBXBuildFile; fileRef = 40B15AF82138AC03008C1A12 /* libusd_ms.dylib */; };
		4015BE00213EE7350087C32C /* SketchUpAPI.framework in Frameworks */ = {isa = PBXBuildFile; fileRef = 40E8C3132130835000217059 /* SketchUpAPI.framework */; };
		4052B65B212F6F76002B6746 /* USDExporter.cpp in Sources */ = {isa = PBXBuildFile; fileRef = 4052B65A212F6F76002B6746 /* USDExporter.cpp */; };
		4052B662212F6F81002B6746 /* USDSketchUpMacUI.xib in Resources */ = {isa = PBXBuildFile; fileRef = 4052B65E212F6F81002B6746 /* USDSketchUpMacUI.xib */; };
		4052B664212F6F81002B6746 /* SUToUSDPlugin.mm in Sources */ = {isa = PBXBuildFile; fileRef = 4052B660212F6F81002B6746 /* SUToUSDPlugin.mm */; };
		4052B66A212F6F9D002B6746 /* USDTextureHelper.cpp in Sources */ = {isa = PBXBuildFile; fileRef = 4052B667212F6F9D002B6746 /* USDTextureHelper.cpp */; };
		4052B66B212F6F9D002B6746 /* USDSketchUpUtilities.cpp in Sources */ = {isa = PBXBuildFile; fileRef = 4052B668212F6F9D002B6746 /* USDSketchUpUtilities.cpp */; };
		406DFF2C22BB142E00F0338A /* libusd_ms.dylib in Frameworks */ = {isa = PBXBuildFile; fileRef = 409F051F229CBA6F002AC7EF /* libusd_ms.dylib */; };
		40E8C3122130833F00217059 /* Cocoa.framework in Frameworks */ = {isa = PBXBuildFile; fileRef = 40E8C3112130833F00217059 /* Cocoa.framework */; };
		40E8C3142130835000217059 /* SketchUpAPI.framework in Frameworks */ = {isa = PBXBuildFile; fileRef = 40E8C3132130835000217059 /* SketchUpAPI.framework */; };
		40E8C322213091F900217059 /* README.md in Resources */ = {isa = PBXBuildFile; fileRef = 40E8C321213091F900217059 /* README.md */; };
		40F67EE92152CCFD00F0413F /* MeshSubset.cpp in Sources */ = {isa = PBXBuildFile; fileRef = 40F67EE72152CCFD00F0413F /* MeshSubset.cpp */; };
		40F67EEA2152CCFD00F0413F /* MeshSubset.cpp in Sources */ = {isa = PBXBuildFile; fileRef = 40F67EE72152CCFD00F0413F /* MeshSubset.cpp */; };
		40F67EED2152CF1B00F0413F /* StatsDataPoint.cpp in Sources */ = {isa = PBXBuildFile; fileRef = 40F67EEB2152CF1B00F0413F /* StatsDataPoint.cpp */; };
		40F67EEE2152CF1B00F0413F /* StatsDataPoint.cpp in Sources */ = {isa = PBXBuildFile; fileRef = 40F67EEB2152CF1B00F0413F /* StatsDataPoint.cpp */; };
/* End PBXBuildFile section */

/* Begin PBXContainerItemProxy section */
		4015BDFA213EE6200087C32C /* PBXContainerItemProxy */ = {
			isa = PBXContainerItemProxy;
			containerPortal = 4052B648212F6EAC002B6746 /* Project object */;
			proxyType = 1;
			remoteGlobalIDString = 4052B64F212F6EAC002B6746;
			remoteInfo = USDExporter;
		};
/* End PBXContainerItemProxy section */

/* Begin PBXFileReference section */
		4015BDF3213EE6190087C32C /* skp2usd */ = {isa = PBXFileReference; explicitFileType = "compiled.mach-o.executable"; includeInIndex = 0; path = skp2usd; sourceTree = BUILT_PRODUCTS_DIR; };
		4015BDF5213EE6190087C32C /* main.cpp */ = {isa = PBXFileReference; lastKnownFileType = sourcecode.cpp.cpp; path = main.cpp; sourceTree = "<group>"; };
		402EFB672150719C0058FE62 /* UsingThePlugIn.md */ = {isa = PBXFileReference; lastKnownFileType = net.daringfireball.markdown; path = UsingThePlugIn.md; sourceTree = "<group>"; };
		4052B650212F6EAC002B6746 /* USDExporter.plugin */ = {isa = PBXFileReference; explicitFileType = wrapper.cfbundle; includeInIndex = 0; path = USDExporter.plugin; sourceTree = BUILT_PRODUCTS_DIR; };
		4052B659212F6F70002B6746 /* USDExporter.h */ = {isa = PBXFileReference; fileEncoding = 4; lastKnownFileType = sourcecode.c.h; path = USDExporter.h; sourceTree = "<group>"; };
		4052B65A212F6F76002B6746 /* USDExporter.cpp */ = {isa = PBXFileReference; fileEncoding = 4; lastKnownFileType = sourcecode.cpp.cpp; path = USDExporter.cpp; sourceTree = "<group>"; };
		4052B65D212F6F81002B6746 /* SUToUSDPlugin.h */ = {isa = PBXFileReference; fileEncoding = 4; lastKnownFileType = sourcecode.c.h; path = SUToUSDPlugin.h; sourceTree = "<group>"; };
		4052B65E212F6F81002B6746 /* USDSketchUpMacUI.xib */ = {isa = PBXFileReference; fileEncoding = 4; lastKnownFileType = file.xib; path = USDSketchUpMacUI.xib; sourceTree = "<group>"; };
		4052B660212F6F81002B6746 /* SUToUSDPlugin.mm */ = {isa = PBXFileReference; fileEncoding = 4; lastKnownFileType = sourcecode.cpp.objcpp; path = SUToUSDPlugin.mm; sourceTree = "<group>"; };
		4052B666212F6F9D002B6746 /* USDTextureHelper.h */ = {isa = PBXFileReference; fileEncoding = 4; lastKnownFileType = sourcecode.c.h; path = USDTextureHelper.h; sourceTree = "<group>"; };
		4052B667212F6F9D002B6746 /* USDTextureHelper.cpp */ = {isa = PBXFileReference; fileEncoding = 4; lastKnownFileType = sourcecode.cpp.cpp; path = USDTextureHelper.cpp; sourceTree = "<group>"; };
		4052B668212F6F9D002B6746 /* USDSketchUpUtilities.cpp */ = {isa = PBXFileReference; fileEncoding = 4; lastKnownFileType = sourcecode.cpp.cpp; path = USDSketchUpUtilities.cpp; sourceTree = "<group>"; };
		4052B669212F6F9D002B6746 /* USDSketchUpUtilities.h */ = {isa = PBXFileReference; fileEncoding = 4; lastKnownFileType = sourcecode.c.h; path = USDSketchUpUtilities.h; sourceTree = "<group>"; };
		409F051D229CB7E1002AC7EF /* libusd_ms.dylib */ = {isa = PBXFileReference; lastKnownFileType = "compiled.mach-o.dylib"; name = libusd_ms.dylib; path = "../../../../opt/local/usd-metal_MonoNoPython/lib/libusd_ms.dylib"; sourceTree = "<group>"; };
		409F051F229CBA6F002AC7EF /* libusd_ms.dylib */ = {isa = PBXFileReference; lastKnownFileType = "compiled.mach-o.dylib"; name = libusd_ms.dylib; path = "../../../../opt/local/usd-metal_MonoNoPythonNoImaging/lib/libusd_ms.dylib"; sourceTree = "<group>"; };
		40B15AF82138AC03008C1A12 /* libusd_ms.dylib */ = {isa = PBXFileReference; lastKnownFileType = "compiled.mach-o.dylib"; name = libusd_ms.dylib; path = ../../../../opt/local/USDNoPythonNoImagingMonolithicIncludeTBB/lib/libusd_ms.dylib; sourceTree = "<group>"; };
		40E8C3112130833F00217059 /* Cocoa.framework */ = {isa = PBXFileReference; lastKnownFileType = wrapper.framework; name = Cocoa.framework; path = System/Library/Frameworks/Cocoa.framework; sourceTree = SDKROOT; };
		40E8C3132130835000217059 /* SketchUpAPI.framework */ = {isa = PBXFileReference; lastKnownFileType = wrapper.framework; name = SketchUpAPI.framework; path = "../../SketchUpSDKs/SDK_Mac_18-0-18665/SketchUpAPI.framework"; sourceTree = "<group>"; };
		40E8C3192130899400217059 /* Info.plist */ = {isa = PBXFileReference; fileEncoding = 4; lastKnownFileType = text.plist.xml; path = Info.plist; sourceTree = "<group>"; };
		40E8C321213091F900217059 /* README.md */ = {isa = PBXFileReference; fileEncoding = 4; lastKnownFileType = net.daringfireball.markdown; path = README.md; sourceTree = "<group>"; };
		40F67EE72152CCFD00F0413F /* MeshSubset.cpp */ = {isa = PBXFileReference; lastKnownFileType = sourcecode.cpp.cpp; path = MeshSubset.cpp; sourceTree = "<group>"; };
		40F67EE82152CCFD00F0413F /* MeshSubset.h */ = {isa = PBXFileReference; lastKnownFileType = sourcecode.c.h; path = MeshSubset.h; sourceTree = "<group>"; };
		40F67EEB2152CF1B00F0413F /* StatsDataPoint.cpp */ = {isa = PBXFileReference; lastKnownFileType = sourcecode.cpp.cpp; path = StatsDataPoint.cpp; sourceTree = "<group>"; };
		40F67EEC2152CF1B00F0413F /* StatsDataPoint.h */ = {isa = PBXFileReference; lastKnownFileType = sourcecode.c.h; path = StatsDataPoint.h; sourceTree = "<group>"; };
		8714F5772151605D00BF7E0F /* lib */ = {isa = PBXFileReference; lastKnownFileType = folder; path = lib; sourceTree = "<group>"; };
/* End PBXFileReference section */

/* Begin PBXFrameworksBuildPhase section */
		4015BDF0213EE6190087C32C /* Frameworks */ = {
			isa = PBXFrameworksBuildPhase;
			buildActionMask = 2147483647;
			files = (
				4015BE00213EE7350087C32C /* SketchUpAPI.framework in Frameworks */,
				4015BDFF213EE7230087C32C /* libusd_ms.dylib in Frameworks */,
			);
			runOnlyForDeploymentPostprocessing = 0;
		};
		4052B64D212F6EAC002B6746 /* Frameworks */ = {
			isa = PBXFrameworksBuildPhase;
			buildActionMask = 2147483647;
			files = (
				406DFF2C22BB142E00F0338A /* libusd_ms.dylib in Frameworks */,
				40E8C3122130833F00217059 /* Cocoa.framework in Frameworks */,
				40E8C3142130835000217059 /* SketchUpAPI.framework in Frameworks */,
			);
			runOnlyForDeploymentPostprocessing = 0;
		};
/* End PBXFrameworksBuildPhase section */

/* Begin PBXGroup section */
		4015BDF4213EE6190087C32C /* skp2usd */ = {
			isa = PBXGroup;
			children = (
				4015BDF5213EE6190087C32C /* main.cpp */,
			);
			path = skp2usd;
			sourceTree = "<group>";
		};
		4052B647212F6EAC002B6746 = {
			isa = PBXGroup;
			children = (
				40E8C321213091F900217059 /* README.md */,
				402EFB672150719C0058FE62 /* UsingThePlugIn.md */,
				4052B652212F6EAC002B6746 /* usd-sketchup */,
				4015BDF4213EE6190087C32C /* skp2usd */,
				8714F5772151605D00BF7E0F /* lib */,
				4052B651212F6EAC002B6746 /* Products */,
				40E8C3102130833E00217059 /* Frameworks */,
			);
			sourceTree = "<group>";
		};
		4052B651212F6EAC002B6746 /* Products */ = {
			isa = PBXGroup;
			children = (
				4052B650212F6EAC002B6746 /* USDExporter.plugin */,
				4015BDF3213EE6190087C32C /* skp2usd */,
			);
			name = Products;
			sourceTree = "<group>";
		};
		4052B652212F6EAC002B6746 /* usd-sketchup */ = {
			isa = PBXGroup;
			children = (
				40E8C3192130899400217059 /* Info.plist */,
				40F67EEC2152CF1B00F0413F /* StatsDataPoint.h */,
				40F67EEB2152CF1B00F0413F /* StatsDataPoint.cpp */,
				40F67EE82152CCFD00F0413F /* MeshSubset.h */,
				40F67EE72152CCFD00F0413F /* MeshSubset.cpp */,
				4052B659212F6F70002B6746 /* USDExporter.h */,
				4052B65A212F6F76002B6746 /* USDExporter.cpp */,
				4052B669212F6F9D002B6746 /* USDSketchUpUtilities.h */,
				4052B668212F6F9D002B6746 /* USDSketchUpUtilities.cpp */,
				4052B667212F6F9D002B6746 /* USDTextureHelper.cpp */,
				4052B666212F6F9D002B6746 /* USDTextureHelper.h */,
				4052B65C212F6F81002B6746 /* USD_SketchUp_Mac */,
			);
			path = "usd-sketchup";
			sourceTree = "<group>";
		};
		4052B65C212F6F81002B6746 /* USD_SketchUp_Mac */ = {
			isa = PBXGroup;
			children = (
				4052B65E212F6F81002B6746 /* USDSketchUpMacUI.xib */,
				4052B65D212F6F81002B6746 /* SUToUSDPlugin.h */,
				4052B660212F6F81002B6746 /* SUToUSDPlugin.mm */,
			);
			path = USD_SketchUp_Mac;
			sourceTree = "<group>";
		};
		40E8C3102130833E00217059 /* Frameworks */ = {
			isa = PBXGroup;
			children = (
				40B15AF82138AC03008C1A12 /* libusd_ms.dylib */,
				409F051D229CB7E1002AC7EF /* libusd_ms.dylib */,
				409F051F229CBA6F002AC7EF /* libusd_ms.dylib */,
				40E8C3132130835000217059 /* SketchUpAPI.framework */,
				40E8C3112130833F00217059 /* Cocoa.framework */,
			);
			name = Frameworks;
			sourceTree = "<group>";
		};
/* End PBXGroup section */

/* Begin PBXNativeTarget section */
		4015BDF2213EE6190087C32C /* skp2usd */ = {
			isa = PBXNativeTarget;
			buildConfigurationList = 4015BDF9213EE6190087C32C /* Build configuration list for PBXNativeTarget "skp2usd" */;
			buildPhases = (
				4015BDEF213EE6190087C32C /* Sources */,
				4015BDF0213EE6190087C32C /* Frameworks */,
				4015BE02213EE79B0087C32C /* Copy Binary to Installed Plug-In Location */,
				4015BE03213EE9A70087C32C /* ShellScript */,
			);
			buildRules = (
			);
			dependencies = (
				4015BDFB213EE6200087C32C /* PBXTargetDependency */,
			);
			name = skp2usd;
			productName = skp2usd;
			productReference = 4015BDF3213EE6190087C32C /* skp2usd */;
			productType = "com.apple.product-type.tool";
		};
		4052B64F212F6EAC002B6746 /* USDExporter */ = {
			isa = PBXNativeTarget;
			buildConfigurationList = 4052B656212F6EAC002B6746 /* Build configuration list for PBXNativeTarget "USDExporter" */;
			buildPhases = (
				4052B64C212F6EAC002B6746 /* Sources */,
				4052B64D212F6EAC002B6746 /* Frameworks */,
				4052B64E212F6EAC002B6746 /* Resources */,
				40E8C31B21308A2600217059 /* Copy USD plugin info to plug-in bundle */,
				40E8C31F21308AAD00217059 /* Rewrite paths in plug-in to refer to SDK framework in app and USD libraries in the plug-in bundle */,
				40E8C32021308AC900217059 /* Copy PlugIn Bundle to SketchUp 2018 */,
			);
			buildRules = (
			);
			dependencies = (
			);
			name = USDExporter;
			productName = "usd-sketchup";
			productReference = 4052B650212F6EAC002B6746 /* USDExporter.plugin */;
			productType = "com.apple.product-type.bundle";
		};
/* End PBXNativeTarget section */

/* Begin PBXProject section */
		4052B648212F6EAC002B6746 /* Project object */ = {
			isa = PBXProject;
			attributes = {
				LastSwiftUpdateCheck = 1000;
				LastUpgradeCheck = 1000;
				ORGANIZATIONNAME = "Michael B. Johnson";
				TargetAttributes = {
					4015BDF2213EE6190087C32C = {
						CreatedOnToolsVersion = 10.0;
					};
					4052B64F212F6EAC002B6746 = {
						CreatedOnToolsVersion = 10.0;
					};
				};
			};
			buildConfigurationList = 4052B64B212F6EAC002B6746 /* Build configuration list for PBXProject "usd-sketchup" */;
			compatibilityVersion = "Xcode 9.3";
			developmentRegion = en;
			hasScannedForEncodings = 0;
			knownRegions = (
				en,
				Base,
			);
			mainGroup = 4052B647212F6EAC002B6746;
			productRefGroup = 4052B651212F6EAC002B6746 /* Products */;
			projectDirPath = "";
			projectRoot = "";
			targets = (
				4052B64F212F6EAC002B6746 /* USDExporter */,
				4015BDF2213EE6190087C32C /* skp2usd */,
			);
		};
/* End PBXProject section */

/* Begin PBXResourcesBuildPhase section */
		4052B64E212F6EAC002B6746 /* Resources */ = {
			isa = PBXResourcesBuildPhase;
			buildActionMask = 2147483647;
			files = (
				40E8C322213091F900217059 /* README.md in Resources */,
				4052B662212F6F81002B6746 /* USDSketchUpMacUI.xib in Resources */,
			);
			runOnlyForDeploymentPostprocessing = 0;
		};
/* End PBXResourcesBuildPhase section */

/* Begin PBXShellScriptBuildPhase section */
		4015BE02213EE79B0087C32C /* Copy Binary to Installed Plug-In Location */ = {
			isa = PBXShellScriptBuildPhase;
			buildActionMask = 2147483647;
			files = (
			);
			inputFileListPaths = (
			);
			inputPaths = (
			);
			name = "Copy Binary to Installed Plug-In Location";
			outputFileListPaths = (
			);
			outputPaths = (
			);
			runOnlyForDeploymentPostprocessing = 0;
			shellPath = /bin/sh;
			shellScript = "cp ${BUILT_PRODUCTS_DIR}/${EXECUTABLE_NAME} /Applications/SketchUp\\ 2018/SketchUp.app/Contents/PlugIns/USDExporter.plugin/Contents/MacOS/\necho \"cp ${BUILT_PRODUCTS_DIR}/${EXECUTABLE_NAME} /Applications/SketchUp\\ 2018/SketchUp.app/Contents/PlugIns/USDExporter.plugin/Contents/MacOS/\"\necho \"copied binary to SketchUp 2018 USDExporter PlugIn\"\n";
		};
		4015BE03213EE9A70087C32C /* ShellScript */ = {
			isa = PBXShellScriptBuildPhase;
			buildActionMask = 2147483647;
			files = (
			);
			inputFileListPaths = (
			);
			inputPaths = (
			);
			outputFileListPaths = (
			);
			outputPaths = (
			);
			runOnlyForDeploymentPostprocessing = 0;
			shellPath = /bin/sh;
			shellScript = "# rewrite usd reference in plugin\nplugIn=\"${BUILT_PRODUCTS_DIR}/${EXECUTABLE_PATH}\"\nusd=libusd_ms.dylib\nold=@rpath/${usd}\nnew=@loader_path/../Frameworks/${usd}\necho \"/usr/bin/install_name_tool -change $old $new $plugIn\"\n/usr/bin/install_name_tool -change $old $new $plugIn\n";
		};
		40E8C31B21308A2600217059 /* Copy USD plugin info to plug-in bundle */ = {
			isa = PBXShellScriptBuildPhase;
			buildActionMask = 2147483647;
			files = (
			);
			inputPaths = (
			);
			name = "Copy USD plugin info to plug-in bundle";
			outputPaths = (
			);
			runOnlyForDeploymentPostprocessing = 0;
			shellPath = /bin/sh;
			shellScript = "# USD Resources\nlibDir=\"${PROJECT_DIR}/lib/USD/lib\"\nresources=\"${BUILT_PRODUCTS_DIR}/${CONTENTS_FOLDER_PATH}/Resources\"\necho \"cp -rf ${libDir}/usd $resources\"\ncp -rf ${libDir}/usd $resources\n\n# USD lib\nframeworks=\"${BUILT_PRODUCTS_DIR}/${CONTENTS_FOLDER_PATH}/Frameworks\"\nif [ ! -d \"$frameworks\" ]\nthen\n    mkdir -p \"$frameworks\"\nfi\ncp -f ${libDir}/libusd_ms.dylib \"${frameworks}/\"\n\necho \"\\nCodesigning. If this application doesn't have a certificate, ignore the following error.\"\n/usr/bin/codesign -f --deep -s \"Mac Developer\" \"${frameworks}/libusd_ms.dylib\"\n";
			showEnvVarsInLog = 0;
		};
		40E8C31F21308AAD00217059 /* Rewrite paths in plug-in to refer to SDK framework in app and USD libraries in the plug-in bundle */ = {
			isa = PBXShellScriptBuildPhase;
			buildActionMask = 2147483647;
			files = (
			);
			inputPaths = (
			);
			name = "Rewrite paths in plug-in to refer to SDK framework in app and USD libraries in the plug-in bundle";
			outputPaths = (
			);
			runOnlyForDeploymentPostprocessing = 0;
			shellPath = /bin/sh;
			shellScript = "# rewrite usd reference in plugin\nplugIn=\"${BUILT_PRODUCTS_DIR}/${EXECUTABLE_PATH}\"\nusd=libusd_ms.dylib\nold=@rpath/${usd}\nnew=@loader_path/../Frameworks/${usd}\necho \"/usr/bin/install_name_tool -change $old $new $plugIn\"\n/usr/bin/install_name_tool -change $old $new $plugIn\n";
			showEnvVarsInLog = 0;
		};
		40E8C32021308AC900217059 /* Copy PlugIn Bundle to SketchUp 2018 */ = {
			isa = PBXShellScriptBuildPhase;
			buildActionMask = 2147483647;
			files = (
			);
			inputPaths = (
			);
			name = "Copy PlugIn Bundle to SketchUp 2018";
			outputPaths = (
			);
			runOnlyForDeploymentPostprocessing = 0;
			shellPath = /bin/sh;
			shellScript = "cp -rf $BUILT_PRODUCTS_DIR/${WRAPPER_NAME} \"/Applications/SketchUp 2019/SketchUp.app/Contents/Plugins/\"\necho \"copied file to SketchUp 2019 plugins directory\"\n";
		};
/* End PBXShellScriptBuildPhase section */

/* Begin PBXSourcesBuildPhase section */
		4015BDEF213EE6190087C32C /* Sources */ = {
			isa = PBXSourcesBuildPhase;
			buildActionMask = 2147483647;
			files = (
				40F67EEA2152CCFD00F0413F /* MeshSubset.cpp in Sources */,
				4015BDF6213EE6190087C32C /* main.cpp in Sources */,
				4015BDFC213EE6EB0087C32C /* USDExporter.cpp in Sources */,
				4015BDFD213EE6EE0087C32C /* USDSketchUpUtilities.cpp in Sources */,
				40F67EEE2152CF1B00F0413F /* StatsDataPoint.cpp in Sources */,
				4015BDFE213EE6F20087C32C /* USDTextureHelper.cpp in Sources */,
			);
			runOnlyForDeploymentPostprocessing = 0;
		};
		4052B64C212F6EAC002B6746 /* Sources */ = {
			isa = PBXSourcesBuildPhase;
			buildActionMask = 2147483647;
			files = (
				40F67EE92152CCFD00F0413F /* MeshSubset.cpp in Sources */,
				4052B66B212F6F9D002B6746 /* USDSketchUpUtilities.cpp in Sources */,
				4052B65B212F6F76002B6746 /* USDExporter.cpp in Sources */,
				4052B66A212F6F9D002B6746 /* USDTextureHelper.cpp in Sources */,
				40F67EED2152CF1B00F0413F /* StatsDataPoint.cpp in Sources */,
				4052B664212F6F81002B6746 /* SUToUSDPlugin.mm in Sources */,
			);
			runOnlyForDeploymentPostprocessing = 0;
		};
/* End PBXSourcesBuildPhase section */

/* Begin PBXTargetDependency section */
		4015BDFB213EE6200087C32C /* PBXTargetDependency */ = {
			isa = PBXTargetDependency;
			target = 4052B64F212F6EAC002B6746 /* USDExporter */;
			targetProxy = 4015BDFA213EE6200087C32C /* PBXContainerItemProxy */;
		};
/* End PBXTargetDependency section */

/* Begin XCBuildConfiguration section */
		4015BDF7213EE6190087C32C /* Debug */ = {
			isa = XCBuildConfiguration;
			buildSettings = {
				CLANG_CXX_LANGUAGE_STANDARD = "gnu++14";
				CLANG_WARN_COMMA = YES;
				CLANG_WARN_DOCUMENTATION_COMMENTS = YES;
				CODE_SIGN_IDENTITY = "Mac Developer";
				CODE_SIGN_STYLE = Automatic;
				DEVELOPMENT_TEAM = QS29RJP6TK;
				MACOSX_DEPLOYMENT_TARGET = 10.13;
				PRODUCT_NAME = "$(TARGET_NAME)";
				SWIFT_ACTIVE_COMPILATION_CONDITIONS = DEBUG;
				SWIFT_OPTIMIZATION_LEVEL = "-Onone";
				SWIFT_VERSION = 4.2;
			};
			name = Debug;
		};
		4015BDF8213EE6190087C32C /* Release */ = {
			isa = XCBuildConfiguration;
			buildSettings = {
				CLANG_CXX_LANGUAGE_STANDARD = "gnu++14";
				CLANG_WARN_COMMA = YES;
				CLANG_WARN_DOCUMENTATION_COMMENTS = YES;
				CODE_SIGN_IDENTITY = "Mac Developer";
				CODE_SIGN_STYLE = Automatic;
				DEVELOPMENT_TEAM = QS29RJP6TK;
				MACOSX_DEPLOYMENT_TARGET = 10.13;
				PRODUCT_NAME = "$(TARGET_NAME)";
				SWIFT_COMPILATION_MODE = wholemodule;
				SWIFT_OPTIMIZATION_LEVEL = "-O";
				SWIFT_VERSION = 4.2;
			};
			name = Release;
		};
		4052B654212F6EAC002B6746 /* Debug */ = {
			isa = XCBuildConfiguration;
			buildSettings = {
				ALWAYS_SEARCH_USER_PATHS = NO;
				CLANG_ANALYZER_NONNULL = YES;
				CLANG_ANALYZER_NUMBER_OBJECT_CONVERSION = YES_AGGRESSIVE;
				CLANG_CXX_LANGUAGE_STANDARD = "gnu++0x";
				CLANG_CXX_LIBRARY = "libc++";
				CLANG_ENABLE_MODULES = YES;
				CLANG_ENABLE_OBJC_ARC = YES;
				CLANG_ENABLE_OBJC_WEAK = YES;
				CLANG_WARN_BLOCK_CAPTURE_AUTORELEASING = YES;
				CLANG_WARN_BOOL_CONVERSION = YES;
				CLANG_WARN_COMMA = NO;
				CLANG_WARN_CONSTANT_CONVERSION = YES;
				CLANG_WARN_DEPRECATED_OBJC_IMPLEMENTATIONS = YES;
				CLANG_WARN_DIRECT_OBJC_ISA_USAGE = YES_ERROR;
				CLANG_WARN_DOCUMENTATION_COMMENTS = NO;
				CLANG_WARN_EMPTY_BODY = YES;
				CLANG_WARN_ENUM_CONVERSION = YES;
				CLANG_WARN_INFINITE_RECURSION = YES;
				CLANG_WARN_INT_CONVERSION = YES;
				CLANG_WARN_NON_LITERAL_NULL_CONVERSION = YES;
				CLANG_WARN_OBJC_IMPLICIT_RETAIN_SELF = YES;
				CLANG_WARN_OBJC_LITERAL_CONVERSION = YES;
				CLANG_WARN_OBJC_ROOT_CLASS = YES_ERROR;
				CLANG_WARN_RANGE_LOOP_ANALYSIS = YES;
				CLANG_WARN_STRICT_PROTOTYPES = YES;
				CLANG_WARN_SUSPICIOUS_MOVE = YES;
				CLANG_WARN_UNGUARDED_AVAILABILITY = YES_AGGRESSIVE;
				CLANG_WARN_UNREACHABLE_CODE = YES;
				CLANG_WARN__DUPLICATE_METHOD_MATCH = YES;
				CODE_SIGN_IDENTITY = "";
				COPY_PHASE_STRIP = NO;
				DEBUG_INFORMATION_FORMAT = dwarf;
				ENABLE_STRICT_OBJC_MSGSEND = YES;
				ENABLE_TESTABILITY = YES;
				FRAMEWORK_SEARCH_PATHS = (
					"$(PROJECT_DIR)/lib/SDK_Mac",
					"\"/Applications/SketchUp\\ 2018/SketchUp.app/Contents/Frameworks/\"",
				);
				GCC_C_LANGUAGE_STANDARD = gnu11;
				GCC_DYNAMIC_NO_PIC = NO;
				GCC_NO_COMMON_BLOCKS = YES;
				GCC_OPTIMIZATION_LEVEL = 0;
				GCC_PREPROCESSOR_DEFINITIONS = (
					"DEBUG=1",
					"$(inherited)",
				);
				GCC_WARN_64_TO_32_BIT_CONVERSION = YES;
				GCC_WARN_ABOUT_RETURN_TYPE = YES_ERROR;
				GCC_WARN_UNDECLARED_SELECTOR = YES;
				GCC_WARN_UNINITIALIZED_AUTOS = YES_AGGRESSIVE;
				GCC_WARN_UNUSED_FUNCTION = YES;
				GCC_WARN_UNUSED_VARIABLE = YES;
				HEADER_SEARCH_PATHS = (
					"$(PROJECT_DIR)/lib/SDK_Mac/SketchUpAPI.framework/Headers",
					"$(PROJECT_DIR)/lib/USD/include",
				);
				LD_RUNPATH_SEARCH_PATHS = (
					"$(PROJECT_DIR)/lib/USD/lib",
					"\"/Applications/SketchUp\\ 2018/SketchUp.app/Contents/Frameworks/\"",
				);
				LIBRARY_SEARCH_PATHS = "$(PROJECT_DIR)/lib/USD/lib";
				MACOSX_DEPLOYMENT_TARGET = 10.10;
				MTL_ENABLE_DEBUG_INFO = INCLUDE_SOURCE;
				MTL_FAST_MATH = YES;
				ONLY_ACTIVE_ARCH = YES;
				SDKROOT = macosx;
			};
			name = Debug;
		};
		4052B655212F6EAC002B6746 /* Release */ = {
			isa = XCBuildConfiguration;
			buildSettings = {
				ALWAYS_SEARCH_USER_PATHS = NO;
				CLANG_ANALYZER_NONNULL = YES;
				CLANG_ANALYZER_NUMBER_OBJECT_CONVERSION = YES_AGGRESSIVE;
				CLANG_CXX_LANGUAGE_STANDARD = "gnu++0x";
				CLANG_CXX_LIBRARY = "libc++";
				CLANG_ENABLE_MODULES = YES;
				CLANG_ENABLE_OBJC_ARC = YES;
				CLANG_ENABLE_OBJC_WEAK = YES;
				CLANG_WARN_BLOCK_CAPTURE_AUTORELEASING = YES;
				CLANG_WARN_BOOL_CONVERSION = YES;
				CLANG_WARN_COMMA = NO;
				CLANG_WARN_CONSTANT_CONVERSION = YES;
				CLANG_WARN_DEPRECATED_OBJC_IMPLEMENTATIONS = YES;
				CLANG_WARN_DIRECT_OBJC_ISA_USAGE = YES_ERROR;
				CLANG_WARN_DOCUMENTATION_COMMENTS = NO;
				CLANG_WARN_EMPTY_BODY = YES;
				CLANG_WARN_ENUM_CONVERSION = YES;
				CLANG_WARN_INFINITE_RECURSION = YES;
				CLANG_WARN_INT_CONVERSION = YES;
				CLANG_WARN_NON_LITERAL_NULL_CONVERSION = YES;
				CLANG_WARN_OBJC_IMPLICIT_RETAIN_SELF = YES;
				CLANG_WARN_OBJC_LITERAL_CONVERSION = YES;
				CLANG_WARN_OBJC_ROOT_CLASS = YES_ERROR;
				CLANG_WARN_RANGE_LOOP_ANALYSIS = YES;
				CLANG_WARN_STRICT_PROTOTYPES = YES;
				CLANG_WARN_SUSPICIOUS_MOVE = YES;
				CLANG_WARN_UNGUARDED_AVAILABILITY = YES_AGGRESSIVE;
				CLANG_WARN_UNREACHABLE_CODE = YES;
				CLANG_WARN__DUPLICATE_METHOD_MATCH = YES;
				CODE_SIGN_IDENTITY = "";
				COPY_PHASE_STRIP = NO;
				DEBUG_INFORMATION_FORMAT = "dwarf-with-dsym";
				ENABLE_NS_ASSERTIONS = NO;
				ENABLE_STRICT_OBJC_MSGSEND = YES;
				FRAMEWORK_SEARCH_PATHS = (
					"$(PROJECT_DIR)/lib/SDK_Mac",
					"\"/Applications/SketchUp\\ 2018/SketchUp.app/Contents/Frameworks/\"",
				);
				GCC_C_LANGUAGE_STANDARD = gnu11;
				GCC_NO_COMMON_BLOCKS = YES;
				GCC_WARN_64_TO_32_BIT_CONVERSION = YES;
				GCC_WARN_ABOUT_RETURN_TYPE = YES_ERROR;
				GCC_WARN_UNDECLARED_SELECTOR = YES;
				GCC_WARN_UNINITIALIZED_AUTOS = YES_AGGRESSIVE;
				GCC_WARN_UNUSED_FUNCTION = YES;
				GCC_WARN_UNUSED_VARIABLE = YES;
				HEADER_SEARCH_PATHS = (
					"$(PROJECT_DIR)/lib/SDK_Mac/SketchUpAPI.framework/Headers",
					"$(PROJECT_DIR)/lib/USD/include",
				);
				LD_RUNPATH_SEARCH_PATHS = (
					"$(PROJECT_DIR)/lib/USD/lib",
					"\"/Applications/SketchUp\\ 2018/SketchUp.app/Contents/Frameworks/\"",
				);
				LIBRARY_SEARCH_PATHS = "$(PROJECT_DIR)/lib/USD/lib";
				MACOSX_DEPLOYMENT_TARGET = 10.10;
				MTL_ENABLE_DEBUG_INFO = NO;
				MTL_FAST_MATH = YES;
				SDKROOT = macosx;
			};
			name = Release;
		};
		4052B657212F6EAC002B6746 /* Debug */ = {
			isa = XCBuildConfiguration;
			buildSettings = {
				CODE_SIGN_IDENTITY = "Mac Developer";
				CODE_SIGN_STYLE = Automatic;
				COMBINE_HIDPI_IMAGES = YES;
				DEVELOPMENT_TEAM = QS29RJP6TK;
				HEADER_SEARCH_PATHS = (
					"$(PROJECT_DIR)/lib/SDK_Mac/SketchUpAPI.framework/Headers",
					"$(PROJECT_DIR)/lib/USD/include",
				);
				INFOPLIST_FILE = "usd-sketchup/Info.plist";
				INSTALL_PATH = "\"/Applications/SketchUp\\ 2018/SketchUp.app/Contents/PlugIns/\"";
				LIBRARY_SEARCH_PATHS = (
					"$(PROJECT_DIR)/lib/USD/lib",
					"/opt/local/usd-metal_MonoNoPythonNoImaging/lib",
				);
				MACOSX_DEPLOYMENT_TARGET = 10.10;
				OTHER_LDFLAGS = "-headerpad_max_install_names";
				PRODUCT_BUNDLE_IDENTIFIER = "com.sketchup.exporters.usd-sketchup";
				PRODUCT_NAME = USDExporter;
				PROVISIONING_PROFILE_SPECIFIER = "";
				SKIP_INSTALL = YES;
				WRAPPER_EXTENSION = plugin;
			};
			name = Debug;
		};
		4052B658212F6EAC002B6746 /* Release */ = {
			isa = XCBuildConfiguration;
			buildSettings = {
				CODE_SIGN_IDENTITY = "Mac Developer";
				CODE_SIGN_STYLE = Automatic;
				COMBINE_HIDPI_IMAGES = YES;
				DEVELOPMENT_TEAM = QS29RJP6TK;
				HEADER_SEARCH_PATHS = (
					"$(PROJECT_DIR)/lib/SDK_Mac/SketchUpAPI.framework/Headers",
					"$(PROJECT_DIR)/lib/USD/include",
				);
				INFOPLIST_FILE = "usd-sketchup/Info.plist";
				INSTALL_PATH = "\"/Applications/SketchUp\\ 2018/SketchUp.app/Contents/PlugIns/\"";
				LIBRARY_SEARCH_PATHS = (
					"$(PROJECT_DIR)/lib/USD/lib",
					"/opt/local/usd-metal_MonoNoPythonNoImaging/lib",
				);
				MACOSX_DEPLOYMENT_TARGET = 10.10;
				OTHER_LDFLAGS = "-headerpad_max_install_names";
				PRODUCT_BUNDLE_IDENTIFIER = "com.sketchup.exporters.usd-sketchup";
				PRODUCT_NAME = USDExporter;
				PROVISIONING_PROFILE_SPECIFIER = "";
				SKIP_INSTALL = YES;
				WRAPPER_EXTENSION = plugin;
			};
			name = Release;
		};
/* End XCBuildConfiguration section */

/* Begin XCConfigurationList section */
		4015BDF9213EE6190087C32C /* Build configuration list for PBXNativeTarget "skp2usd" */ = {
			isa = XCConfigurationList;
			buildConfigurations = (
				4015BDF7213EE6190087C32C /* Debug */,
				4015BDF8213EE6190087C32C /* Release */,
			);
			defaultConfigurationIsVisible = 0;
			defaultConfigurationName = Release;
		};
		4052B64B212F6EAC002B6746 /* Build configuration list for PBXProject "usd-sketchup" */ = {
			isa = XCConfigurationList;
			buildConfigurations = (
				4052B654212F6EAC002B6746 /* Debug */,
				4052B655212F6EAC002B6746 /* Release */,
			);
			defaultConfigurationIsVisible = 0;
			defaultConfigurationName = Release;
		};
		4052B656212F6EAC002B6746 /* Build configuration list for PBXNativeTarget "USDExporter" */ = {
			isa = XCConfigurationList;
			buildConfigurations = (
				4052B657212F6EAC002B6746 /* Debug */,
				4052B658212F6EAC002B6746 /* Release */,
			);
			defaultConfigurationIsVisible = 0;
			defaultConfigurationName = Release;
		};
/* End XCConfigurationList section */
	};
	rootObject = 4052B648212F6EAC002B6746 /* Project object */;
}
